// !$*UTF8*$!
{
	archiveVersion = 1;
	classes = {
	};
	objectVersion = 50;
	objects = {

/* Begin PBXBuildFile section */
		D4455BA52148BA0D00AF0BFE /* AppDelegate.m in Sources */ = {isa = PBXBuildFile; fileRef = D4455BA42148BA0D00AF0BFE /* AppDelegate.m */; };
		D4455BAD2148BA0E00AF0BFE /* Assets.xcassets in Resources */ = {isa = PBXBuildFile; fileRef = D4455BAC2148BA0E00AF0BFE /* Assets.xcassets */; };
		D4455BB02148BA0E00AF0BFE /* LaunchScreen.storyboard in Resources */ = {isa = PBXBuildFile; fileRef = D4455BAE2148BA0E00AF0BFE /* LaunchScreen.storyboard */; };
		D4455BB32148BA0E00AF0BFE /* main.m in Sources */ = {isa = PBXBuildFile; fileRef = D4455BB22148BA0E00AF0BFE /* main.m */; };
		D4455BBB2148BC3300AF0BFE /* MainViewController.m in Sources */ = {isa = PBXBuildFile; fileRef = D4455BBA2148BC3300AF0BFE /* MainViewController.m */; };
		D474CA1F2148F57200F9C978 /* libunabto_ios_lib.a in Frameworks */ = {isa = PBXBuildFile; fileRef = D474CA1E2148F57200F9C978 /* libunabto_ios_lib.a */; };
/* End PBXBuildFile section */

/* Begin PBXFileReference section */
		D4455BA02148BA0D00AF0BFE /* SimpleIosClientApp.app */ = {isa = PBXFileReference; explicitFileType = wrapper.application; includeInIndex = 0; path = SimpleIosClientApp.app; sourceTree = BUILT_PRODUCTS_DIR; };
		D4455BA32148BA0D00AF0BFE /* AppDelegate.h */ = {isa = PBXFileReference; lastKnownFileType = sourcecode.c.h; path = AppDelegate.h; sourceTree = "<group>"; };
		D4455BA42148BA0D00AF0BFE /* AppDelegate.m */ = {isa = PBXFileReference; lastKnownFileType = sourcecode.c.objc; path = AppDelegate.m; sourceTree = "<group>"; };
		D4455BAC2148BA0E00AF0BFE /* Assets.xcassets */ = {isa = PBXFileReference; lastKnownFileType = folder.assetcatalog; path = Assets.xcassets; sourceTree = "<group>"; };
		D4455BAF2148BA0E00AF0BFE /* Base */ = {isa = PBXFileReference; lastKnownFileType = file.storyboard; name = Base; path = Base.lproj/LaunchScreen.storyboard; sourceTree = "<group>"; };
		D4455BB12148BA0E00AF0BFE /* Info.plist */ = {isa = PBXFileReference; lastKnownFileType = text.plist.xml; path = Info.plist; sourceTree = "<group>"; };
		D4455BB22148BA0E00AF0BFE /* main.m */ = {isa = PBXFileReference; lastKnownFileType = sourcecode.c.objc; path = main.m; sourceTree = "<group>"; };
		D4455BB92148BC3300AF0BFE /* MainViewController.h */ = {isa = PBXFileReference; lastKnownFileType = sourcecode.c.h; path = MainViewController.h; sourceTree = "<group>"; };
		D4455BBA2148BC3300AF0BFE /* MainViewController.m */ = {isa = PBXFileReference; lastKnownFileType = sourcecode.c.objc; path = MainViewController.m; sourceTree = "<group>"; };
		D474CA1E2148F57200F9C978 /* libunabto_ios_lib.a */ = {isa = PBXFileReference; lastKnownFileType = archive.ar; name = libunabto_ios_lib.a; path = "unabto_ios_lib/build-lipo/libunabto_ios_lib.a"; sourceTree = "<group>"; };
		D474CA202148F75E00F9C978 /* unabto_app_runner.h */ = {isa = PBXFileReference; lastKnownFileType = sourcecode.c.h; name = unabto_app_runner.h; path = unabto_ios_lib/src/unabto_app_runner.h; sourceTree = SOURCE_ROOT; };
/* End PBXFileReference section */

/* Begin PBXFrameworksBuildPhase section */
		D4455B9D2148BA0D00AF0BFE /* Frameworks */ = {
			isa = PBXFrameworksBuildPhase;
			buildActionMask = 2147483647;
			files = (
				D474CA1F2148F57200F9C978 /* libunabto_ios_lib.a in Frameworks */,
			);
			runOnlyForDeploymentPostprocessing = 0;
		};
/* End PBXFrameworksBuildPhase section */

/* Begin PBXGroup section */
		D4455B972148BA0D00AF0BFE = {
			isa = PBXGroup;
			children = (
				D4455BA22148BA0D00AF0BFE /* SimpleIosClientApp */,
				D4455BA12148BA0D00AF0BFE /* Products */,
				D474CA1D2148F57200F9C978 /* Frameworks */,
			);
			sourceTree = "<group>";
		};
		D4455BA12148BA0D00AF0BFE /* Products */ = {
			isa = PBXGroup;
			children = (
				D4455BA02148BA0D00AF0BFE /* SimpleIosClientApp.app */,
			);
			name = Products;
			sourceTree = "<group>";
		};
		D4455BA22148BA0D00AF0BFE /* SimpleIosClientApp */ = {
			isa = PBXGroup;
			children = (
				D474CA202148F75E00F9C978 /* unabto_app_runner.h */,
				D4455BA32148BA0D00AF0BFE /* AppDelegate.h */,
				D4455BA42148BA0D00AF0BFE /* AppDelegate.m */,
				D4455BAC2148BA0E00AF0BFE /* Assets.xcassets */,
				D4455BAE2148BA0E00AF0BFE /* LaunchScreen.storyboard */,
				D4455BB12148BA0E00AF0BFE /* Info.plist */,
				D4455BB92148BC3300AF0BFE /* MainViewController.h */,
				D4455BBA2148BC3300AF0BFE /* MainViewController.m */,
				D4455BB22148BA0E00AF0BFE /* main.m */,
			);
			path = SimpleIosClientApp;
			sourceTree = "<group>";
		};
		D474CA1D2148F57200F9C978 /* Frameworks */ = {
			isa = PBXGroup;
			children = (
				D474CA1E2148F57200F9C978 /* libunabto_ios_lib.a */,
			);
			name = Frameworks;
			sourceTree = "<group>";
		};
/* End PBXGroup section */

/* Begin PBXNativeTarget section */
		D4455B9F2148BA0D00AF0BFE /* SimpleIosClientApp */ = {
			isa = PBXNativeTarget;
			buildConfigurationList = D4455BB62148BA0E00AF0BFE /* Build configuration list for PBXNativeTarget "SimpleIosClientApp" */;
			buildPhases = (
				D4455B9C2148BA0D00AF0BFE /* Sources */,
				D4455B9D2148BA0D00AF0BFE /* Frameworks */,
				D4455B9E2148BA0D00AF0BFE /* Resources */,
			);
			buildRules = (
			);
			dependencies = (
			);
			name = SimpleIosClientApp;
			productName = SimpleIosClientApp;
			productReference = D4455BA02148BA0D00AF0BFE /* SimpleIosClientApp.app */;
			productType = "com.apple.product-type.application";
		};
/* End PBXNativeTarget section */

/* Begin PBXProject section */
		D4455B982148BA0D00AF0BFE /* Project object */ = {
			isa = PBXProject;
			attributes = {
				LastUpgradeCheck = 0940;
				ORGANIZATIONNAME = "Nabto ApS";
				TargetAttributes = {
					D4455B9F2148BA0D00AF0BFE = {
						CreatedOnToolsVersion = 9.4.1;
					};
				};
			};
			buildConfigurationList = D4455B9B2148BA0D00AF0BFE /* Build configuration list for PBXProject "SimpleIosClientApp" */;
			compatibilityVersion = "Xcode 9.3";
			developmentRegion = en;
			hasScannedForEncodings = 0;
			knownRegions = (
				en,
				Base,
			);
			mainGroup = D4455B972148BA0D00AF0BFE;
			productRefGroup = D4455BA12148BA0D00AF0BFE /* Products */;
			projectDirPath = "";
			projectRoot = "";
			targets = (
				D4455B9F2148BA0D00AF0BFE /* SimpleIosClientApp */,
			);
		};
/* End PBXProject section */

/* Begin PBXResourcesBuildPhase section */
		D4455B9E2148BA0D00AF0BFE /* Resources */ = {
			isa = PBXResourcesBuildPhase;
			buildActionMask = 2147483647;
			files = (
				D4455BB02148BA0E00AF0BFE /* LaunchScreen.storyboard in Resources */,
				D4455BAD2148BA0E00AF0BFE /* Assets.xcassets in Resources */,
			);
			runOnlyForDeploymentPostprocessing = 0;
		};
/* End PBXResourcesBuildPhase section */

/* Begin PBXSourcesBuildPhase section */
		D4455B9C2148BA0D00AF0BFE /* Sources */ = {
			isa = PBXSourcesBuildPhase;
			buildActionMask = 2147483647;
			files = (
				D4455BB32148BA0E00AF0BFE /* main.m in Sources */,
				D4455BBB2148BC3300AF0BFE /* MainViewController.m in Sources */,
				D4455BA52148BA0D00AF0BFE /* AppDelegate.m in Sources */,
			);
			runOnlyForDeploymentPostprocessing = 0;
		};
/* End PBXSourcesBuildPhase section */

/* Begin PBXVariantGroup section */
		D4455BAE2148BA0E00AF0BFE /* LaunchScreen.storyboard */ = {
			isa = PBXVariantGroup;
			children = (
				D4455BAF2148BA0E00AF0BFE /* Base */,
			);
			name = LaunchScreen.storyboard;
			sourceTree = "<group>";
		};
/* End PBXVariantGroup section */

/* Begin XCBuildConfiguration section */
		D4455BB42148BA0E00AF0BFE /* Debug */ = {
			isa = XCBuildConfiguration;
			buildSettings = {
				ALWAYS_SEARCH_USER_PATHS = NO;
				CLANG_ANALYZER_NONNULL = YES;
				CLANG_ANALYZER_NUMBER_OBJECT_CONVERSION = YES_AGGRESSIVE;
				CLANG_CXX_LANGUAGE_STANDARD = "gnu++14";
				CLANG_CXX_LIBRARY = "libc++";
				CLANG_ENABLE_MODULES = YES;
				CLANG_ENABLE_OBJC_ARC = YES;
				CLANG_ENABLE_OBJC_WEAK = YES;
				CLANG_WARN_BLOCK_CAPTURE_AUTORELEASING = YES;
				CLANG_WARN_BOOL_CONVERSION = YES;
				CLANG_WARN_COMMA = YES;
				CLANG_WARN_CONSTANT_CONVERSION = YES;
				CLANG_WARN_DEPRECATED_OBJC_IMPLEMENTATIONS = YES;
				CLANG_WARN_DIRECT_OBJC_ISA_USAGE = YES_ERROR;
				CLANG_WARN_DOCUMENTATION_COMMENTS = YES;
				CLANG_WARN_EMPTY_BODY = YES;
				CLANG_WARN_ENUM_CONVERSION = YES;
				CLANG_WARN_INFINITE_RECURSION = YES;
				CLANG_WARN_INT_CONVERSION = YES;
				CLANG_WARN_NON_LITERAL_NULL_CONVERSION = YES;
				CLANG_WARN_OBJC_IMPLICIT_RETAIN_SELF = YES;
				CLANG_WARN_OBJC_LITERAL_CONVERSION = YES;
				CLANG_WARN_OBJC_ROOT_CLASS = YES_ERROR;
				CLANG_WARN_RANGE_LOOP_ANALYSIS = YES;
				CLANG_WARN_STRICT_PROTOTYPES = YES;
				CLANG_WARN_SUSPICIOUS_MOVE = YES;
				CLANG_WARN_UNGUARDED_AVAILABILITY = YES_AGGRESSIVE;
				CLANG_WARN_UNREACHABLE_CODE = YES;
				CLANG_WARN__DUPLICATE_METHOD_MATCH = YES;
				CODE_SIGN_IDENTITY = "iPhone Developer";
				COPY_PHASE_STRIP = NO;
				DEBUG_INFORMATION_FORMAT = dwarf;
				ENABLE_STRICT_OBJC_MSGSEND = YES;
				ENABLE_TESTABILITY = YES;
				GCC_C_LANGUAGE_STANDARD = gnu11;
				GCC_DYNAMIC_NO_PIC = NO;
				GCC_NO_COMMON_BLOCKS = YES;
				GCC_OPTIMIZATION_LEVEL = 0;
				GCC_PREPROCESSOR_DEFINITIONS = (
					"DEBUG=1",
					"$(inherited)",
				);
				GCC_WARN_64_TO_32_BIT_CONVERSION = YES;
				GCC_WARN_ABOUT_RETURN_TYPE = YES_ERROR;
				GCC_WARN_UNDECLARED_SELECTOR = YES;
				GCC_WARN_UNINITIALIZED_AUTOS = YES_AGGRESSIVE;
				GCC_WARN_UNUSED_FUNCTION = YES;
				GCC_WARN_UNUSED_VARIABLE = YES;
				IPHONEOS_DEPLOYMENT_TARGET = 11.4;
				MTL_ENABLE_DEBUG_INFO = YES;
				ONLY_ACTIVE_ARCH = YES;
				SDKROOT = iphoneos;
			};
			name = Debug;
		};
		D4455BB52148BA0E00AF0BFE /* Release */ = {
			isa = XCBuildConfiguration;
			buildSettings = {
				ALWAYS_SEARCH_USER_PATHS = NO;
				CLANG_ANALYZER_NONNULL = YES;
				CLANG_ANALYZER_NUMBER_OBJECT_CONVERSION = YES_AGGRESSIVE;
				CLANG_CXX_LANGUAGE_STANDARD = "gnu++14";
				CLANG_CXX_LIBRARY = "libc++";
				CLANG_ENABLE_MODULES = YES;
				CLANG_ENABLE_OBJC_ARC = YES;
				CLANG_ENABLE_OBJC_WEAK = YES;
				CLANG_WARN_BLOCK_CAPTURE_AUTORELEASING = YES;
				CLANG_WARN_BOOL_CONVERSION = YES;
				CLANG_WARN_COMMA = YES;
				CLANG_WARN_CONSTANT_CONVERSION = YES;
				CLANG_WARN_DEPRECATED_OBJC_IMPLEMENTATIONS = YES;
				CLANG_WARN_DIRECT_OBJC_ISA_USAGE = YES_ERROR;
				CLANG_WARN_DOCUMENTATION_COMMENTS = YES;
				CLANG_WARN_EMPTY_BODY = YES;
				CLANG_WARN_ENUM_CONVERSION = YES;
				CLANG_WARN_INFINITE_RECURSION = YES;
				CLANG_WARN_INT_CONVERSION = YES;
				CLANG_WARN_NON_LITERAL_NULL_CONVERSION = YES;
				CLANG_WARN_OBJC_IMPLICIT_RETAIN_SELF = YES;
				CLANG_WARN_OBJC_LITERAL_CONVERSION = YES;
				CLANG_WARN_OBJC_ROOT_CLASS = YES_ERROR;
				CLANG_WARN_RANGE_LOOP_ANALYSIS = YES;
				CLANG_WARN_STRICT_PROTOTYPES = YES;
				CLANG_WARN_SUSPICIOUS_MOVE = YES;
				CLANG_WARN_UNGUARDED_AVAILABILITY = YES_AGGRESSIVE;
				CLANG_WARN_UNREACHABLE_CODE = YES;
				CLANG_WARN__DUPLICATE_METHOD_MATCH = YES;
				CODE_SIGN_IDENTITY = "iPhone Developer";
				COPY_PHASE_STRIP = NO;
				DEBUG_INFORMATION_FORMAT = "dwarf-with-dsym";
				ENABLE_NS_ASSERTIONS = NO;
				ENABLE_STRICT_OBJC_MSGSEND = YES;
				GCC_C_LANGUAGE_STANDARD = gnu11;
				GCC_NO_COMMON_BLOCKS = YES;
				GCC_WARN_64_TO_32_BIT_CONVERSION = YES;
				GCC_WARN_ABOUT_RETURN_TYPE = YES_ERROR;
				GCC_WARN_UNDECLARED_SELECTOR = YES;
				GCC_WARN_UNINITIALIZED_AUTOS = YES_AGGRESSIVE;
				GCC_WARN_UNUSED_FUNCTION = YES;
				GCC_WARN_UNUSED_VARIABLE = YES;
				IPHONEOS_DEPLOYMENT_TARGET = 11.4;
				MTL_ENABLE_DEBUG_INFO = NO;
				SDKROOT = iphoneos;
				VALIDATE_PRODUCT = YES;
			};
			name = Release;
		};
		D4455BB72148BA0E00AF0BFE /* Debug */ = {
			isa = XCBuildConfiguration;
			buildSettings = {
				ASSETCATALOG_COMPILER_APPICON_NAME = AppIcon;
				CODE_SIGN_STYLE = Automatic;
				DEVELOPMENT_TEAM = E55K8RCV2E;
				HEADER_SEARCH_PATHS = ../unabto_ios_lib/src;
				INFOPLIST_FILE = SimpleIosClientApp/Info.plist;
				IPHONEOS_DEPLOYMENT_TARGET = 11.1;
				LD_RUNPATH_SEARCH_PATHS = (
					"$(inherited)",
					"@executable_path/Frameworks",
				);
				LIBRARY_SEARCH_PATHS = (
					"$(inherited)",
					"$(PROJECT_DIR)/unabto_ios_lib/build-lipo",
				);
				PRODUCT_BUNDLE_IDENTIFIER = com.nabto.ios.SimpleIosClientApp;
				PRODUCT_NAME = "$(TARGET_NAME)";
				TARGETED_DEVICE_FAMILY = "1,2";
			};
			name = Debug;
		};
		D4455BB82148BA0E00AF0BFE /* Release */ = {
			isa = XCBuildConfiguration;
			buildSettings = {
				ASSETCATALOG_COMPILER_APPICON_NAME = AppIcon;
				CODE_SIGN_STYLE = Automatic;
				DEVELOPMENT_TEAM = E55K8RCV2E;
				HEADER_SEARCH_PATHS = ../unabto_ios_lib/src;
				INFOPLIST_FILE = SimpleIosClientApp/Info.plist;
				IPHONEOS_DEPLOYMENT_TARGET = 11.1;
				LD_RUNPATH_SEARCH_PATHS = (
					"$(inherited)",
					"@executable_path/Frameworks",
				);
				LIBRARY_SEARCH_PATHS = (
					"$(inherited)",
					"$(PROJECT_DIR)/unabto_ios_lib/build-lipo",
				);
				PRODUCT_BUNDLE_IDENTIFIER = com.nabto.ios.SimpleIosClientApp;
				PRODUCT_NAME = "$(TARGET_NAME)";
				TARGETED_DEVICE_FAMILY = "1,2";
			};
			name = Release;
		};
/* End XCBuildConfiguration section */

/* Begin XCConfigurationList section */
		D4455B9B2148BA0D00AF0BFE /* Build configuration list for PBXProject "SimpleIosClientApp" */ = {
			isa = XCConfigurationList;
			buildConfigurations = (
				D4455BB42148BA0E00AF0BFE /* Debug */,
				D4455BB52148BA0E00AF0BFE /* Release */,
			);
			defaultConfigurationIsVisible = 0;
			defaultConfigurationName = Release;
		};
		D4455BB62148BA0E00AF0BFE /* Build configuration list for PBXNativeTarget "SimpleIosClientApp" */ = {
			isa = XCConfigurationList;
			buildConfigurations = (
				D4455BB72148BA0E00AF0BFE /* Debug */,
				D4455BB82148BA0E00AF0BFE /* Release */,
			);
			defaultConfigurationIsVisible = 0;
			defaultConfigurationName = Release;
		};
/* End XCConfigurationList section */
	};
	rootObject = D4455B982148BA0D00AF0BFE /* Project object */;
}
